
Microsoft Visual Studio Solution File, Format Version 12.00
# Visual Studio 15
VisualStudioVersion = 15.0.28307.572
MinimumVisualStudioVersion = 10.0.40219.1
Project("{9A19103F-16F7-4668-BE54-9A1E7A4F7556}") = "TokenSystem", "TokenSystem\TokenSystem.csproj", "{ABE7B210-B59F-4648-B7F3-8FF190728789}"
EndProject
Project("{9A19103F-16F7-4668-BE54-9A1E7A4F7556}") = "TokenSystem.Tests", "TokenSystem.Tests\TokenSystem.Tests.csproj", "{2C473ECD-2A92-4B7D-95A9-6E94BD4C00A5}"
EndProject
Project("{9A19103F-16F7-4668-BE54-9A1E7A4F7556}") = "Membership", "Membership\Membership.csproj", "{FCC17143-6C1F-4D7F-B23D-FB2743B31386}"
EndProject
Project("{9A19103F-16F7-4668-BE54-9A1E7A4F7556}") = "Membership.Tests", "Membership.Tests\Membership.Tests.csproj", "{AD5768A3-475E-42B6-B0AE-B610ECA15BB3}"
EndProject
Project("{9A19103F-16F7-4668-BE54-9A1E7A4F7556}") = "WorkTracker", "WorkTracker\WorkTracker.csproj", "{547CC2F8-4E8E-46D8-9895-AE31346D0F31}"
EndProject
Project("{9A19103F-16F7-4668-BE54-9A1E7A4F7556}") = "WorkTracker.Tests", "WorkTracker.Tests\WorkTracker.Tests.csproj", "{265BE560-2B64-49BB-BEAA-32587556DA46}"
EndProject
Project("{9A19103F-16F7-4668-BE54-9A1E7A4F7556}") = "TaskSystem", "TaskSystem\TaskSystem.csproj", "{EB1BFE56-8E63-445E-923B-F8D64A66F2EF}"
EndProject
Project("{FAE04EC0-301F-11D3-BF4B-00C04F79EFBC}") = "TaskSystem.Tests", "TaskSystem.Tests\TaskSystem.Tests.csproj", "{D4AB8441-4F22-4C90-A61C-F92E0C98AE86}"
EndProject
Project("{FAE04EC0-301F-11D3-BF4B-00C04F79EFBC}") = "Achievements", "Achievements\Achievements.csproj", "{6E67CE31-BDEC-47D0-A035-952A44E93802}"
EndProject
Project("{FAE04EC0-301F-11D3-BF4B-00C04F79EFBC}") = "Achievements.Tests", "Achievements.Tests\Achievements.Tests.csproj", "{C429EDFF-E32D-440B-95E8-F8DDB1361E8D}"
EndProject
Project("{FAE04EC0-301F-11D3-BF4B-00C04F79EFBC}") = "TestUtils", "TestUtils\TestUtils.csproj", "{AEA40868-3615-47CC-9808-CECA26B643A1}"
EndProject
Project("{FAE04EC0-301F-11D3-BF4B-00C04F79EFBC}") = "Kits", "Kits\Kits.csproj", "{14FB57E4-EFC0-470A-A476-8C729E3056C3}"
EndProject
Project("{FAE04EC0-301F-11D3-BF4B-00C04F79EFBC}") = "Kits.Tests", "Kits.Tests\Kits.Tests.csproj", "{E7E4B976-F40E-448D-A11A-F8324161E347}"
EndProject
Global
	GlobalSection(SolutionConfigurationPlatforms) = preSolution
		Debug|Any CPU = Debug|Any CPU
		Debug|x64 = Debug|x64
		Debug|x86 = Debug|x86
		Release|Any CPU = Release|Any CPU
		Release|x64 = Release|x64
		Release|x86 = Release|x86
	EndGlobalSection
	GlobalSection(ProjectConfigurationPlatforms) = postSolution
		{ABE7B210-B59F-4648-B7F3-8FF190728789}.Debug|Any CPU.ActiveCfg = Debug|Any CPU
		{ABE7B210-B59F-4648-B7F3-8FF190728789}.Debug|Any CPU.Build.0 = Debug|Any CPU
		{ABE7B210-B59F-4648-B7F3-8FF190728789}.Debug|x64.ActiveCfg = Debug|Any CPU
		{ABE7B210-B59F-4648-B7F3-8FF190728789}.Debug|x64.Build.0 = Debug|Any CPU
		{ABE7B210-B59F-4648-B7F3-8FF190728789}.Debug|x86.ActiveCfg = Debug|Any CPU
		{ABE7B210-B59F-4648-B7F3-8FF190728789}.Debug|x86.Build.0 = Debug|Any CPU
		{ABE7B210-B59F-4648-B7F3-8FF190728789}.Release|Any CPU.ActiveCfg = Release|Any CPU
		{ABE7B210-B59F-4648-B7F3-8FF190728789}.Release|Any CPU.Build.0 = Release|Any CPU
		{ABE7B210-B59F-4648-B7F3-8FF190728789}.Release|x64.ActiveCfg = Release|Any CPU
		{ABE7B210-B59F-4648-B7F3-8FF190728789}.Release|x64.Build.0 = Release|Any CPU
		{ABE7B210-B59F-4648-B7F3-8FF190728789}.Release|x86.ActiveCfg = Release|Any CPU
		{ABE7B210-B59F-4648-B7F3-8FF190728789}.Release|x86.Build.0 = Release|Any CPU
		{2C473ECD-2A92-4B7D-95A9-6E94BD4C00A5}.Debug|Any CPU.ActiveCfg = Debug|Any CPU
		{2C473ECD-2A92-4B7D-95A9-6E94BD4C00A5}.Debug|Any CPU.Build.0 = Debug|Any CPU
		{2C473ECD-2A92-4B7D-95A9-6E94BD4C00A5}.Debug|x64.ActiveCfg = Debug|Any CPU
		{2C473ECD-2A92-4B7D-95A9-6E94BD4C00A5}.Debug|x64.Build.0 = Debug|Any CPU
		{2C473ECD-2A92-4B7D-95A9-6E94BD4C00A5}.Debug|x86.ActiveCfg = Debug|Any CPU
		{2C473ECD-2A92-4B7D-95A9-6E94BD4C00A5}.Debug|x86.Build.0 = Debug|Any CPU
		{2C473ECD-2A92-4B7D-95A9-6E94BD4C00A5}.Release|Any CPU.ActiveCfg = Release|Any CPU
		{2C473ECD-2A92-4B7D-95A9-6E94BD4C00A5}.Release|Any CPU.Build.0 = Release|Any CPU
		{2C473ECD-2A92-4B7D-95A9-6E94BD4C00A5}.Release|x64.ActiveCfg = Release|Any CPU
		{2C473ECD-2A92-4B7D-95A9-6E94BD4C00A5}.Release|x64.Build.0 = Release|Any CPU
		{2C473ECD-2A92-4B7D-95A9-6E94BD4C00A5}.Release|x86.ActiveCfg = Release|Any CPU
		{2C473ECD-2A92-4B7D-95A9-6E94BD4C00A5}.Release|x86.Build.0 = Release|Any CPU
		{FCC17143-6C1F-4D7F-B23D-FB2743B31386}.Debug|Any CPU.ActiveCfg = Debug|Any CPU
		{FCC17143-6C1F-4D7F-B23D-FB2743B31386}.Debug|Any CPU.Build.0 = Debug|Any CPU
		{FCC17143-6C1F-4D7F-B23D-FB2743B31386}.Debug|x64.ActiveCfg = Debug|Any CPU
		{FCC17143-6C1F-4D7F-B23D-FB2743B31386}.Debug|x64.Build.0 = Debug|Any CPU
		{FCC17143-6C1F-4D7F-B23D-FB2743B31386}.Debug|x86.ActiveCfg = Debug|Any CPU
		{FCC17143-6C1F-4D7F-B23D-FB2743B31386}.Debug|x86.Build.0 = Debug|Any CPU
		{FCC17143-6C1F-4D7F-B23D-FB2743B31386}.Release|Any CPU.ActiveCfg = Release|Any CPU
		{FCC17143-6C1F-4D7F-B23D-FB2743B31386}.Release|Any CPU.Build.0 = Release|Any CPU
		{FCC17143-6C1F-4D7F-B23D-FB2743B31386}.Release|x64.ActiveCfg = Release|Any CPU
		{FCC17143-6C1F-4D7F-B23D-FB2743B31386}.Release|x64.Build.0 = Release|Any CPU
		{FCC17143-6C1F-4D7F-B23D-FB2743B31386}.Release|x86.ActiveCfg = Release|Any CPU
		{FCC17143-6C1F-4D7F-B23D-FB2743B31386}.Release|x86.Build.0 = Release|Any CPU
		{AD5768A3-475E-42B6-B0AE-B610ECA15BB3}.Debug|Any CPU.ActiveCfg = Debug|Any CPU
		{AD5768A3-475E-42B6-B0AE-B610ECA15BB3}.Debug|Any CPU.Build.0 = Debug|Any CPU
		{AD5768A3-475E-42B6-B0AE-B610ECA15BB3}.Debug|x64.ActiveCfg = Debug|Any CPU
		{AD5768A3-475E-42B6-B0AE-B610ECA15BB3}.Debug|x64.Build.0 = Debug|Any CPU
		{AD5768A3-475E-42B6-B0AE-B610ECA15BB3}.Debug|x86.ActiveCfg = Debug|Any CPU
		{AD5768A3-475E-42B6-B0AE-B610ECA15BB3}.Debug|x86.Build.0 = Debug|Any CPU
		{AD5768A3-475E-42B6-B0AE-B610ECA15BB3}.Release|Any CPU.ActiveCfg = Release|Any CPU
		{AD5768A3-475E-42B6-B0AE-B610ECA15BB3}.Release|Any CPU.Build.0 = Release|Any CPU
		{AD5768A3-475E-42B6-B0AE-B610ECA15BB3}.Release|x64.ActiveCfg = Release|Any CPU
		{AD5768A3-475E-42B6-B0AE-B610ECA15BB3}.Release|x64.Build.0 = Release|Any CPU
		{AD5768A3-475E-42B6-B0AE-B610ECA15BB3}.Release|x86.ActiveCfg = Release|Any CPU
		{AD5768A3-475E-42B6-B0AE-B610ECA15BB3}.Release|x86.Build.0 = Release|Any CPU
		{547CC2F8-4E8E-46D8-9895-AE31346D0F31}.Debug|Any CPU.ActiveCfg = Debug|Any CPU
		{547CC2F8-4E8E-46D8-9895-AE31346D0F31}.Debug|Any CPU.Build.0 = Debug|Any CPU
		{547CC2F8-4E8E-46D8-9895-AE31346D0F31}.Debug|x64.ActiveCfg = Debug|Any CPU
		{547CC2F8-4E8E-46D8-9895-AE31346D0F31}.Debug|x64.Build.0 = Debug|Any CPU
		{547CC2F8-4E8E-46D8-9895-AE31346D0F31}.Debug|x86.ActiveCfg = Debug|Any CPU
		{547CC2F8-4E8E-46D8-9895-AE31346D0F31}.Debug|x86.Build.0 = Debug|Any CPU
		{547CC2F8-4E8E-46D8-9895-AE31346D0F31}.Release|Any CPU.ActiveCfg = Release|Any CPU
		{547CC2F8-4E8E-46D8-9895-AE31346D0F31}.Release|Any CPU.Build.0 = Release|Any CPU
		{547CC2F8-4E8E-46D8-9895-AE31346D0F31}.Release|x64.ActiveCfg = Release|Any CPU
		{547CC2F8-4E8E-46D8-9895-AE31346D0F31}.Release|x64.Build.0 = Release|Any CPU
		{547CC2F8-4E8E-46D8-9895-AE31346D0F31}.Release|x86.ActiveCfg = Release|Any CPU
		{547CC2F8-4E8E-46D8-9895-AE31346D0F31}.Release|x86.Build.0 = Release|Any CPU
		{265BE560-2B64-49BB-BEAA-32587556DA46}.Debug|Any CPU.ActiveCfg = Debug|Any CPU
		{265BE560-2B64-49BB-BEAA-32587556DA46}.Debug|Any CPU.Build.0 = Debug|Any CPU
		{265BE560-2B64-49BB-BEAA-32587556DA46}.Debug|x64.ActiveCfg = Debug|Any CPU
		{265BE560-2B64-49BB-BEAA-32587556DA46}.Debug|x64.Build.0 = Debug|Any CPU
		{265BE560-2B64-49BB-BEAA-32587556DA46}.Debug|x86.ActiveCfg = Debug|Any CPU
		{265BE560-2B64-49BB-BEAA-32587556DA46}.Debug|x86.Build.0 = Debug|Any CPU
		{265BE560-2B64-49BB-BEAA-32587556DA46}.Release|Any CPU.ActiveCfg = Release|Any CPU
		{265BE560-2B64-49BB-BEAA-32587556DA46}.Release|Any CPU.Build.0 = Release|Any CPU
		{265BE560-2B64-49BB-BEAA-32587556DA46}.Release|x64.ActiveCfg = Release|Any CPU
		{265BE560-2B64-49BB-BEAA-32587556DA46}.Release|x64.Build.0 = Release|Any CPU
		{265BE560-2B64-49BB-BEAA-32587556DA46}.Release|x86.ActiveCfg = Release|Any CPU
		{265BE560-2B64-49BB-BEAA-32587556DA46}.Release|x86.Build.0 = Release|Any CPU
		{EB1BFE56-8E63-445E-923B-F8D64A66F2EF}.Debug|Any CPU.ActiveCfg = Debug|Any CPU
		{EB1BFE56-8E63-445E-923B-F8D64A66F2EF}.Debug|Any CPU.Build.0 = Debug|Any CPU
		{EB1BFE56-8E63-445E-923B-F8D64A66F2EF}.Debug|x64.ActiveCfg = Debug|Any CPU
		{EB1BFE56-8E63-445E-923B-F8D64A66F2EF}.Debug|x64.Build.0 = Debug|Any CPU
		{EB1BFE56-8E63-445E-923B-F8D64A66F2EF}.Debug|x86.ActiveCfg = Debug|Any CPU
		{EB1BFE56-8E63-445E-923B-F8D64A66F2EF}.Debug|x86.Build.0 = Debug|Any CPU
		{EB1BFE56-8E63-445E-923B-F8D64A66F2EF}.Release|Any CPU.ActiveCfg = Release|Any CPU
		{EB1BFE56-8E63-445E-923B-F8D64A66F2EF}.Release|Any CPU.Build.0 = Release|Any CPU
		{EB1BFE56-8E63-445E-923B-F8D64A66F2EF}.Release|x64.ActiveCfg = Release|Any CPU
		{EB1BFE56-8E63-445E-923B-F8D64A66F2EF}.Release|x64.Build.0 = Release|Any CPU
		{EB1BFE56-8E63-445E-923B-F8D64A66F2EF}.Release|x86.ActiveCfg = Release|Any CPU
		{EB1BFE56-8E63-445E-923B-F8D64A66F2EF}.Release|x86.Build.0 = Release|Any CPU
		{D4AB8441-4F22-4C90-A61C-F92E0C98AE86}.Debug|Any CPU.ActiveCfg = Debug|Any CPU
		{D4AB8441-4F22-4C90-A61C-F92E0C98AE86}.Debug|Any CPU.Build.0 = Debug|Any CPU
		{D4AB8441-4F22-4C90-A61C-F92E0C98AE86}.Debug|x64.ActiveCfg = Debug|Any CPU
		{D4AB8441-4F22-4C90-A61C-F92E0C98AE86}.Debug|x64.Build.0 = Debug|Any CPU
		{D4AB8441-4F22-4C90-A61C-F92E0C98AE86}.Debug|x86.ActiveCfg = Debug|Any CPU
		{D4AB8441-4F22-4C90-A61C-F92E0C98AE86}.Debug|x86.Build.0 = Debug|Any CPU
		{D4AB8441-4F22-4C90-A61C-F92E0C98AE86}.Release|Any CPU.ActiveCfg = Release|Any CPU
		{D4AB8441-4F22-4C90-A61C-F92E0C98AE86}.Release|Any CPU.Build.0 = Release|Any CPU
		{D4AB8441-4F22-4C90-A61C-F92E0C98AE86}.Release|x64.ActiveCfg = Release|Any CPU
		{D4AB8441-4F22-4C90-A61C-F92E0C98AE86}.Release|x64.Build.0 = Release|Any CPU
		{D4AB8441-4F22-4C90-A61C-F92E0C98AE86}.Release|x86.ActiveCfg = Release|Any CPU
		{D4AB8441-4F22-4C90-A61C-F92E0C98AE86}.Release|x86.Build.0 = Release|Any CPU
		{6E67CE31-BDEC-47D0-A035-952A44E93802}.Debug|Any CPU.ActiveCfg = Debug|Any CPU
		{6E67CE31-BDEC-47D0-A035-952A44E93802}.Debug|Any CPU.Build.0 = Debug|Any CPU
		{6E67CE31-BDEC-47D0-A035-952A44E93802}.Debug|x64.ActiveCfg = Debug|Any CPU
		{6E67CE31-BDEC-47D0-A035-952A44E93802}.Debug|x64.Build.0 = Debug|Any CPU
		{6E67CE31-BDEC-47D0-A035-952A44E93802}.Debug|x86.ActiveCfg = Debug|Any CPU
		{6E67CE31-BDEC-47D0-A035-952A44E93802}.Debug|x86.Build.0 = Debug|Any CPU
		{6E67CE31-BDEC-47D0-A035-952A44E93802}.Release|Any CPU.ActiveCfg = Release|Any CPU
		{6E67CE31-BDEC-47D0-A035-952A44E93802}.Release|Any CPU.Build.0 = Release|Any CPU
		{6E67CE31-BDEC-47D0-A035-952A44E93802}.Release|x64.ActiveCfg = Release|Any CPU
		{6E67CE31-BDEC-47D0-A035-952A44E93802}.Release|x64.Build.0 = Release|Any CPU
		{6E67CE31-BDEC-47D0-A035-952A44E93802}.Release|x86.ActiveCfg = Release|Any CPU
		{6E67CE31-BDEC-47D0-A035-952A44E93802}.Release|x86.Build.0 = Release|Any CPU
		{C429EDFF-E32D-440B-95E8-F8DDB1361E8D}.Debug|Any CPU.ActiveCfg = Debug|Any CPU
		{C429EDFF-E32D-440B-95E8-F8DDB1361E8D}.Debug|Any CPU.Build.0 = Debug|Any CPU
		{C429EDFF-E32D-440B-95E8-F8DDB1361E8D}.Debug|x64.ActiveCfg = Debug|Any CPU
		{C429EDFF-E32D-440B-95E8-F8DDB1361E8D}.Debug|x64.Build.0 = Debug|Any CPU
		{C429EDFF-E32D-440B-95E8-F8DDB1361E8D}.Debug|x86.ActiveCfg = Debug|Any CPU
		{C429EDFF-E32D-440B-95E8-F8DDB1361E8D}.Debug|x86.Build.0 = Debug|Any CPU
		{C429EDFF-E32D-440B-95E8-F8DDB1361E8D}.Release|Any CPU.ActiveCfg = Release|Any CPU
		{C429EDFF-E32D-440B-95E8-F8DDB1361E8D}.Release|Any CPU.Build.0 = Release|Any CPU
		{C429EDFF-E32D-440B-95E8-F8DDB1361E8D}.Release|x64.ActiveCfg = Release|Any CPU
		{C429EDFF-E32D-440B-95E8-F8DDB1361E8D}.Release|x64.Build.0 = Release|Any CPU
		{C429EDFF-E32D-440B-95E8-F8DDB1361E8D}.Release|x86.ActiveCfg = Release|Any CPU
		{C429EDFF-E32D-440B-95E8-F8DDB1361E8D}.Release|x86.Build.0 = Release|Any CPU
		{AEA40868-3615-47CC-9808-CECA26B643A1}.Debug|Any CPU.ActiveCfg = Debug|Any CPU
		{AEA40868-3615-47CC-9808-CECA26B643A1}.Debug|Any CPU.Build.0 = Debug|Any CPU
		{AEA40868-3615-47CC-9808-CECA26B643A1}.Debug|x64.ActiveCfg = Debug|Any CPU
		{AEA40868-3615-47CC-9808-CECA26B643A1}.Debug|x64.Build.0 = Debug|Any CPU
		{AEA40868-3615-47CC-9808-CECA26B643A1}.Debug|x86.ActiveCfg = Debug|Any CPU
		{AEA40868-3615-47CC-9808-CECA26B643A1}.Debug|x86.Build.0 = Debug|Any CPU
		{AEA40868-3615-47CC-9808-CECA26B643A1}.Release|Any CPU.ActiveCfg = Release|Any CPU
		{AEA40868-3615-47CC-9808-CECA26B643A1}.Release|Any CPU.Build.0 = Release|Any CPU
		{AEA40868-3615-47CC-9808-CECA26B643A1}.Release|x64.ActiveCfg = Release|Any CPU
		{AEA40868-3615-47CC-9808-CECA26B643A1}.Release|x64.Build.0 = Release|Any CPU
		{AEA40868-3615-47CC-9808-CECA26B643A1}.Release|x86.ActiveCfg = Release|Any CPU
		{AEA40868-3615-47CC-9808-CECA26B643A1}.Release|x86.Build.0 = Release|Any CPU
		{14FB57E4-EFC0-470A-A476-8C729E3056C3}.Debug|Any CPU.ActiveCfg = Debug|Any CPU
		{14FB57E4-EFC0-470A-A476-8C729E3056C3}.Debug|Any CPU.Build.0 = Debug|Any CPU
		{14FB57E4-EFC0-470A-A476-8C729E3056C3}.Debug|x64.ActiveCfg = Debug|Any CPU
		{14FB57E4-EFC0-470A-A476-8C729E3056C3}.Debug|x64.Build.0 = Debug|Any CPU
		{14FB57E4-EFC0-470A-A476-8C729E3056C3}.Debug|x86.ActiveCfg = Debug|Any CPU
		{14FB57E4-EFC0-470A-A476-8C729E3056C3}.Debug|x86.Build.0 = Debug|Any CPU
		{14FB57E4-EFC0-470A-A476-8C729E3056C3}.Release|Any CPU.ActiveCfg = Release|Any CPU
		{14FB57E4-EFC0-470A-A476-8C729E3056C3}.Release|Any CPU.Build.0 = Release|Any CPU
		{14FB57E4-EFC0-470A-A476-8C729E3056C3}.Release|x64.ActiveCfg = Release|Any CPU
		{14FB57E4-EFC0-470A-A476-8C729E3056C3}.Release|x64.Build.0 = Release|Any CPU
		{14FB57E4-EFC0-470A-A476-8C729E3056C3}.Release|x86.ActiveCfg = Release|Any CPU
		{14FB57E4-EFC0-470A-A476-8C729E3056C3}.Release|x86.Build.0 = Release|Any CPU
		{E7E4B976-F40E-448D-A11A-F8324161E347}.Debug|Any CPU.ActiveCfg = Debug|Any CPU
		{E7E4B976-F40E-448D-A11A-F8324161E347}.Debug|Any CPU.Build.0 = Debug|Any CPU
		{E7E4B976-F40E-448D-A11A-F8324161E347}.Debug|x64.ActiveCfg = Debug|Any CPU
		{E7E4B976-F40E-448D-A11A-F8324161E347}.Debug|x64.Build.0 = Debug|Any CPU
		{E7E4B976-F40E-448D-A11A-F8324161E347}.Debug|x86.ActiveCfg = Debug|Any CPU
		{E7E4B976-F40E-448D-A11A-F8324161E347}.Debug|x86.Build.0 = Debug|Any CPU
		{E7E4B976-F40E-448D-A11A-F8324161E347}.Release|Any CPU.ActiveCfg = Release|Any CPU
		{E7E4B976-F40E-448D-A11A-F8324161E347}.Release|Any CPU.Build.0 = Release|Any CPU
		{E7E4B976-F40E-448D-A11A-F8324161E347}.Release|x64.ActiveCfg = Release|Any CPU
		{E7E4B976-F40E-448D-A11A-F8324161E347}.Release|x64.Build.0 = Release|Any CPU
		{E7E4B976-F40E-448D-A11A-F8324161E347}.Release|x86.ActiveCfg = Release|Any CPU
		{E7E4B976-F40E-448D-A11A-F8324161E347}.Release|x86.Build.0 = Release|Any CPU
	EndGlobalSection
	GlobalSection(SolutionProperties) = preSolution
		HideSolutionNode = FALSE
	EndGlobalSection
	GlobalSection(ExtensibilityGlobals) = postSolution
		SolutionGuid = {92ED4102-F0B1-45A4-BF7A-61A72EA6FF03}
	EndGlobalSection
EndGlobal
